{
    "version": 3,
    "terraform_version": "0.11.10",
    "serial": 3,
    "lineage": "433dfa43-9096-8e29-ca77-fc096fe7d68f",
    "modules": [
        {
            "path": [
                "root"
            ],
            "outputs": {},
            "resources": {
                "aws_instance.app_instance": {
                    "type": "aws_instance",
                    "depends_on": [
                        "aws_security_group.app_security_groups",
                        "aws_subnet.public_subnet.*"
                    ],
                    "primary": {
                        "id": "i-0408b87f6bcb85d95",
                        "attributes": {
                            "ami": "ami-28e07e50",
                            "arn": "arn:aws:ec2:us-west-2:181514265793:instance/i-0408b87f6bcb85d95",
                            "associate_public_ip_address": "true",
                            "availability_zone": "us-west-2a",
                            "cpu_core_count": "1",
                            "cpu_threads_per_core": "1",
                            "credit_specification.#": "1",
                            "credit_specification.0.cpu_credits": "standard",
                            "disable_api_termination": "false",
                            "ebs_block_device.#": "0",
                            "ebs_optimized": "false",
                            "ephemeral_block_device.#": "0",
                            "get_password_data": "false",
                            "iam_instance_profile": "",
                            "id": "i-0408b87f6bcb85d95",
                            "instance_state": "running",
                            "instance_type": "t2.micro",
                            "ipv6_addresses.#": "0",
                            "key_name": "ansible",
                            "monitoring": "false",
                            "network_interface.#": "0",
                            "network_interface_id": "eni-0b10eb7bafa626311",
                            "password_data": "",
                            "placement_group": "",
                            "primary_network_interface_id": "eni-0b10eb7bafa626311",
                            "private_dns": "ip-10-20-2-96.us-west-2.compute.internal",
                            "private_ip": "10.20.2.96",
                            "public_dns": "",
                            "public_ip": "34.217.215.224",
                            "root_block_device.#": "1",
                            "root_block_device.0.delete_on_termination": "true",
                            "root_block_device.0.iops": "100",
                            "root_block_device.0.volume_id": "vol-02d04ce9710fbebc5",
                            "root_block_device.0.volume_size": "10",
                            "root_block_device.0.volume_type": "gp2",
                            "security_groups.#": "0",
                            "source_dest_check": "true",
                            "subnet_id": "subnet-0dc8a9f3bbdb91b04",
                            "tags.%": "1",
                            "tags.Name": "Jenkins-Ansible-0",
                            "tenancy": "default",
                            "user_data": "cb88e192fb9b7f4e441c258ecd21b3828dd2fd6a",
                            "volume_tags.%": "0",
                            "vpc_security_group_ids.#": "1",
                            "vpc_security_group_ids.2565362803": "sg-03feabcae396840d8"
                        },
                        "meta": {
                            "e2bfb730-ecaa-11e6-8f88-34363bc7c4c0": {
                                "create": 600000000000,
                                "delete": 1200000000000,
                                "update": 600000000000
                            },
                            "schema_version": "1"
                        },
                        "tainted": false
                    },
                    "deposed": [],
                    "provider": "provider.aws"
                },
                "aws_internet_gateway.app_igw": {
                    "type": "aws_internet_gateway",
                    "depends_on": [
                        "aws_vpc.app_vpc"
                    ],
                    "primary": {
                        "id": "igw-09c9ee0640e831a91",
                        "attributes": {
                            "id": "igw-09c9ee0640e831a91",
                            "tags.%": "1",
                            "tags.Name": "app_igw",
                            "vpc_id": "vpc-0e2507f3bbe2b5f87"
                        },
                        "meta": {},
                        "tainted": false
                    },
                    "deposed": [],
                    "provider": "provider.aws"
                },
                "aws_route_table.public_route_table": {
                    "type": "aws_route_table",
                    "depends_on": [
                        "aws_internet_gateway.app_igw",
                        "aws_vpc.app_vpc"
                    ],
                    "primary": {
                        "id": "rtb-0916a1269eb1f2bd4",
                        "attributes": {
                            "id": "rtb-0916a1269eb1f2bd4",
                            "propagating_vgws.#": "0",
                            "route.#": "1",
                            "route.2605399786.cidr_block": "0.0.0.0/0",
                            "route.2605399786.egress_only_gateway_id": "",
                            "route.2605399786.gateway_id": "igw-09c9ee0640e831a91",
                            "route.2605399786.instance_id": "",
                            "route.2605399786.ipv6_cidr_block": "",
                            "route.2605399786.nat_gateway_id": "",
                            "route.2605399786.network_interface_id": "",
                            "route.2605399786.vpc_peering_connection_id": "",
                            "tags.%": "1",
                            "tags.Name": "public_route_table",
                            "vpc_id": "vpc-0e2507f3bbe2b5f87"
                        },
                        "meta": {},
                        "tainted": false
                    },
                    "deposed": [],
                    "provider": "provider.aws"
                },
                "aws_route_table_association.sub_route_asso": {
                    "type": "aws_route_table_association",
                    "depends_on": [
                        "aws_route_table.public_route_table",
                        "aws_subnet.public_subnet.*"
                    ],
                    "primary": {
                        "id": "rtbassoc-0d9753b6cf5fa3d46",
                        "attributes": {
                            "id": "rtbassoc-0d9753b6cf5fa3d46",
                            "route_table_id": "rtb-0916a1269eb1f2bd4",
                            "subnet_id": "subnet-0dc8a9f3bbdb91b04"
                        },
                        "meta": {},
                        "tainted": false
                    },
                    "deposed": [],
                    "provider": "provider.aws"
                },
                "aws_security_group.app_security_groups": {
                    "type": "aws_security_group",
                    "depends_on": [
                        "aws_vpc.app_vpc"
                    ],
                    "primary": {
                        "id": "sg-03feabcae396840d8",
                        "attributes": {
                            "arn": "arn:aws:ec2:us-west-2:181514265793:security-group/sg-03feabcae396840d8",
                            "description": "Allow all inbound traffic",
                            "egress.#": "1",
                            "egress.482069346.cidr_blocks.#": "1",
                            "egress.482069346.cidr_blocks.0": "0.0.0.0/0",
                            "egress.482069346.description": "",
                            "egress.482069346.from_port": "0",
                            "egress.482069346.ipv6_cidr_blocks.#": "0",
                            "egress.482069346.prefix_list_ids.#": "0",
                            "egress.482069346.protocol": "-1",
                            "egress.482069346.security_groups.#": "0",
                            "egress.482069346.self": "false",
                            "egress.482069346.to_port": "0",
                            "id": "sg-03feabcae396840d8",
                            "ingress.#": "1",
                            "ingress.482069346.cidr_blocks.#": "1",
                            "ingress.482069346.cidr_blocks.0": "0.0.0.0/0",
                            "ingress.482069346.description": "",
                            "ingress.482069346.from_port": "0",
                            "ingress.482069346.ipv6_cidr_blocks.#": "0",
                            "ingress.482069346.prefix_list_ids.#": "0",
                            "ingress.482069346.protocol": "-1",
                            "ingress.482069346.security_groups.#": "0",
                            "ingress.482069346.self": "false",
                            "ingress.482069346.to_port": "0",
                            "name": "allow_all",
                            "owner_id": "181514265793",
                            "revoke_rules_on_delete": "false",
                            "tags.%": "0",
                            "vpc_id": "vpc-0e2507f3bbe2b5f87"
                        },
                        "meta": {
                            "e2bfb730-ecaa-11e6-8f88-34363bc7c4c0": {
                                "create": 600000000000,
                                "delete": 600000000000
                            },
                            "schema_version": "1"
                        },
                        "tainted": false
                    },
                    "deposed": [],
                    "provider": "provider.aws"
                },
                "aws_subnet.private_subnet": {
                    "type": "aws_subnet",
                    "depends_on": [
                        "aws_vpc.app_vpc",
                        "data.aws_availability_zones.available"
                    ],
                    "primary": {
                        "id": "subnet-0a93f3bc9979860f6",
                        "attributes": {
                            "arn": "arn:aws:ec2:us-west-2:181514265793:subnet/subnet-0a93f3bc9979860f6",
                            "assign_ipv6_address_on_creation": "false",
                            "availability_zone": "us-west-2a",
                            "cidr_block": "10.20.0.0/24",
                            "id": "subnet-0a93f3bc9979860f6",
                            "map_public_ip_on_launch": "false",
                            "tags.%": "1",
                            "tags.Name": "private_subnet-0",
                            "vpc_id": "vpc-0e2507f3bbe2b5f87"
                        },
                        "meta": {
                            "e2bfb730-ecaa-11e6-8f88-34363bc7c4c0": {
                                "create": 600000000000,
                                "delete": 600000000000
                            },
                            "schema_version": "1"
                        },
                        "tainted": false
                    },
                    "deposed": [],
                    "provider": "provider.aws"
                },
                "aws_subnet.public_subnet": {
                    "type": "aws_subnet",
                    "depends_on": [
                        "aws_vpc.app_vpc",
                        "data.aws_availability_zones.available"
                    ],
                    "primary": {
                        "id": "subnet-0dc8a9f3bbdb91b04",
                        "attributes": {
                            "arn": "arn:aws:ec2:us-west-2:181514265793:subnet/subnet-0dc8a9f3bbdb91b04",
                            "assign_ipv6_address_on_creation": "false",
                            "availability_zone": "us-west-2a",
                            "cidr_block": "10.20.2.0/24",
                            "id": "subnet-0dc8a9f3bbdb91b04",
                            "map_public_ip_on_launch": "true",
                            "tags.%": "1",
                            "tags.Name": "public_subnet-0",
                            "vpc_id": "vpc-0e2507f3bbe2b5f87"
                        },
                        "meta": {
                            "e2bfb730-ecaa-11e6-8f88-34363bc7c4c0": {
                                "create": 600000000000,
                                "delete": 600000000000
                            },
                            "schema_version": "1"
                        },
                        "tainted": false
                    },
                    "deposed": [],
                    "provider": "provider.aws"
                },
                "aws_vpc.app_vpc": {
                    "type": "aws_vpc",
                    "depends_on": [],
                    "primary": {
                        "id": "vpc-0e2507f3bbe2b5f87",
                        "attributes": {
                            "arn": "arn:aws:ec2:us-west-2:181514265793:vpc/vpc-0e2507f3bbe2b5f87",
                            "assign_generated_ipv6_cidr_block": "false",
                            "cidr_block": "10.20.0.0/16",
                            "default_network_acl_id": "acl-0941a0364d6d936be",
                            "default_route_table_id": "rtb-09502fc336d04c6f0",
                            "default_security_group_id": "sg-05e2a19a2079f063b",
                            "dhcp_options_id": "dopt-7f3ac407",
                            "enable_classiclink": "false",
                            "enable_classiclink_dns_support": "false",
                            "enable_dns_hostnames": "false",
                            "enable_dns_support": "true",
                            "id": "vpc-0e2507f3bbe2b5f87",
                            "instance_tenancy": "default",
                            "main_route_table_id": "rtb-09502fc336d04c6f0",
                            "tags.%": "1",
                            "tags.Name": "app_vpc"
                        },
                        "meta": {
                            "schema_version": "1"
                        },
                        "tainted": false
                    },
                    "deposed": [],
                    "provider": "provider.aws"
                },
                "data.aws_availability_zones.available": {
                    "type": "aws_availability_zones",
                    "depends_on": [],
                    "primary": {
                        "id": "2018-10-28 03:56:29.1983028 +0000 UTC",
                        "attributes": {
                            "id": "2018-10-28 03:56:29.1983028 +0000 UTC",
                            "names.#": "3",
                            "names.0": "us-west-2a",
                            "names.1": "us-west-2b",
                            "names.2": "us-west-2c"
                        },
                        "meta": {},
                        "tainted": false
                    },
                    "deposed": [],
                    "provider": "provider.aws"
                }
            },
            "depends_on": []
        }
    ]
}
