{
    "version": 3,
    "terraform_version": "0.11.10",
    "serial": 10,
    "lineage": "433dfa43-9096-8e29-ca77-fc096fe7d68f",
    "modules": [
        {
            "path": [
                "root"
            ],
            "outputs": {},
            "resources": {
                "aws_eip.natgateway_eip": {
                    "type": "aws_eip",
                    "depends_on": [],
                    "primary": {
                        "id": "eipalloc-0dfa26169936568d2",
                        "attributes": {
                            "association_id": "",
                            "domain": "vpc",
                            "id": "eipalloc-0dfa26169936568d2",
                            "instance": "",
                            "network_interface": "",
                            "private_ip": "",
                            "public_ip": "52.25.193.34",
                            "tags.%": "0",
                            "vpc": "true"
                        },
                        "meta": {
                            "e2bfb730-ecaa-11e6-8f88-34363bc7c4c0": {
                                "delete": 180000000000,
                                "read": 900000000000,
                                "update": 300000000000
                            }
                        },
                        "tainted": false
                    },
                    "deposed": [],
                    "provider": "provider.aws"
                },
                "aws_instance.app_instance": {
                    "type": "aws_instance",
                    "depends_on": [
                        "aws_security_group.app_security_groups",
                        "aws_subnet.private_subnet.*"
                    ],
                    "primary": {
                        "id": "i-098d70b0b32aa15f8",
                        "attributes": {
                            "ami": "ami-28e07e50",
                            "arn": "arn:aws:ec2:us-west-2:038062473746:instance/i-098d70b0b32aa15f8",
                            "associate_public_ip_address": "false",
                            "availability_zone": "us-west-2a",
                            "cpu_core_count": "1",
                            "cpu_threads_per_core": "1",
                            "credit_specification.#": "1",
                            "credit_specification.0.cpu_credits": "standard",
                            "disable_api_termination": "false",
                            "ebs_block_device.#": "0",
                            "ebs_optimized": "false",
                            "ephemeral_block_device.#": "0",
                            "get_password_data": "false",
                            "iam_instance_profile": "",
                            "id": "i-098d70b0b32aa15f8",
                            "instance_state": "running",
                            "instance_type": "t2.micro",
                            "ipv6_addresses.#": "0",
                            "key_name": "my_demo_key",
                            "monitoring": "false",
                            "network_interface.#": "0",
                            "network_interface_id": "eni-0665f413c427eb5d1",
                            "password_data": "",
                            "placement_group": "",
                            "primary_network_interface_id": "eni-0665f413c427eb5d1",
                            "private_dns": "ip-172-20-20-61.us-west-2.compute.internal",
                            "private_ip": "172.20.20.61",
                            "public_dns": "",
                            "public_ip": "",
                            "root_block_device.#": "1",
                            "root_block_device.0.delete_on_termination": "true",
                            "root_block_device.0.iops": "100",
                            "root_block_device.0.volume_id": "vol-0c8a6eb2b5ca51529",
                            "root_block_device.0.volume_size": "10",
                            "root_block_device.0.volume_type": "gp2",
                            "security_groups.#": "0",
                            "source_dest_check": "true",
                            "subnet_id": "subnet-0a52ab3f5f096648c",
                            "tags.%": "1",
                            "tags.Name": "Application1",
                            "tenancy": "default",
                            "volume_tags.%": "0",
                            "vpc_security_group_ids.#": "1",
                            "vpc_security_group_ids.2844801539": "sg-0f84b566658e4be9a"
                        },
                        "meta": {
                            "e2bfb730-ecaa-11e6-8f88-34363bc7c4c0": {
                                "create": 600000000000,
                                "delete": 1200000000000,
                                "update": 600000000000
                            },
                            "schema_version": "1"
                        },
                        "tainted": false
                    },
                    "deposed": [],
                    "provider": "provider.aws"
                },
                "aws_instance.instance": {
                    "type": "aws_instance",
                    "depends_on": [
                        "aws_security_group.app_security_groups",
                        "aws_subnet.public_subnet.*"
                    ],
                    "primary": {
                        "id": "i-039dbd42ab6a87fa8",
                        "attributes": {
                            "ami": "ami-28e07e50",
                            "arn": "arn:aws:ec2:us-west-2:038062473746:instance/i-039dbd42ab6a87fa8",
                            "associate_public_ip_address": "true",
                            "availability_zone": "us-west-2a",
                            "cpu_core_count": "1",
                            "cpu_threads_per_core": "1",
                            "credit_specification.#": "1",
                            "credit_specification.0.cpu_credits": "standard",
                            "disable_api_termination": "false",
                            "ebs_block_device.#": "0",
                            "ebs_optimized": "false",
                            "ephemeral_block_device.#": "0",
                            "get_password_data": "false",
                            "iam_instance_profile": "",
                            "id": "i-039dbd42ab6a87fa8",
                            "instance_state": "running",
                            "instance_type": "t2.micro",
                            "ipv6_addresses.#": "0",
                            "key_name": "my_demo_key",
                            "monitoring": "false",
                            "network_interface.#": "0",
                            "network_interface_id": "eni-0206a86fca3abab74",
                            "password_data": "",
                            "placement_group": "",
                            "primary_network_interface_id": "eni-0206a86fca3abab74",
                            "private_dns": "ip-172-20-10-165.us-west-2.compute.internal",
                            "private_ip": "172.20.10.165",
                            "public_dns": "",
                            "public_ip": "52.12.3.229",
                            "root_block_device.#": "1",
                            "root_block_device.0.delete_on_termination": "true",
                            "root_block_device.0.iops": "100",
                            "root_block_device.0.volume_id": "vol-0678dbc047a437cd1",
                            "root_block_device.0.volume_size": "10",
                            "root_block_device.0.volume_type": "gp2",
                            "security_groups.#": "0",
                            "source_dest_check": "true",
                            "subnet_id": "subnet-0e940fa3ea224eea6",
                            "tags.%": "1",
                            "tags.Name": "Jenkins-Ansible",
                            "tenancy": "default",
                            "user_data": "cb88e192fb9b7f4e441c258ecd21b3828dd2fd6a",
                            "volume_tags.%": "0",
                            "vpc_security_group_ids.#": "1",
                            "vpc_security_group_ids.2844801539": "sg-0f84b566658e4be9a"
                        },
                        "meta": {
                            "e2bfb730-ecaa-11e6-8f88-34363bc7c4c0": {
                                "create": 600000000000,
                                "delete": 1200000000000,
                                "update": 600000000000
                            },
                            "schema_version": "1"
                        },
                        "tainted": false
                    },
                    "deposed": [],
                    "provider": "provider.aws"
                },
                "aws_internet_gateway.app_igw": {
                    "type": "aws_internet_gateway",
                    "depends_on": [
                        "aws_vpc.app_vpc"
                    ],
                    "primary": {
                        "id": "igw-07cd4dee71c82b86a",
                        "attributes": {
                            "id": "igw-07cd4dee71c82b86a",
                            "tags.%": "1",
                            "tags.Name": "app_igw",
                            "vpc_id": "vpc-04de9109b2becab9f"
                        },
                        "meta": {},
                        "tainted": false
                    },
                    "deposed": [],
                    "provider": "provider.aws"
                },
                "aws_nat_gateway.app_nat_gw": {
                    "type": "aws_nat_gateway",
                    "depends_on": [
                        "aws_eip.natgateway_eip",
                        "aws_subnet.public_subnet"
                    ],
                    "primary": {
                        "id": "nat-03a63561ed020a51d",
                        "attributes": {
                            "allocation_id": "eipalloc-0dfa26169936568d2",
                            "id": "nat-03a63561ed020a51d",
                            "network_interface_id": "eni-0592f2cc13de06e33",
                            "private_ip": "172.20.10.216",
                            "public_ip": "52.25.193.34",
                            "subnet_id": "subnet-0e940fa3ea224eea6",
                            "tags.%": "1",
                            "tags.Name": "NAT_gateway"
                        },
                        "meta": {},
                        "tainted": false
                    },
                    "deposed": [],
                    "provider": "provider.aws"
                },
                "aws_route_table.private_route_table": {
                    "type": "aws_route_table",
                    "depends_on": [
                        "aws_nat_gateway.app_nat_gw",
                        "aws_vpc.app_vpc"
                    ],
                    "primary": {
                        "id": "rtb-02a2001d9bb556a4c",
                        "attributes": {
                            "id": "rtb-02a2001d9bb556a4c",
                            "propagating_vgws.#": "0",
                            "route.#": "1",
                            "route.3487159102.cidr_block": "0.0.0.0/0",
                            "route.3487159102.egress_only_gateway_id": "",
                            "route.3487159102.gateway_id": "",
                            "route.3487159102.instance_id": "",
                            "route.3487159102.ipv6_cidr_block": "",
                            "route.3487159102.nat_gateway_id": "nat-03a63561ed020a51d",
                            "route.3487159102.network_interface_id": "",
                            "route.3487159102.vpc_peering_connection_id": "",
                            "tags.%": "1",
                            "tags.Name": "private_route_table",
                            "vpc_id": "vpc-04de9109b2becab9f"
                        },
                        "meta": {},
                        "tainted": false
                    },
                    "deposed": [],
                    "provider": "provider.aws"
                },
                "aws_route_table.public_route_table": {
                    "type": "aws_route_table",
                    "depends_on": [
                        "aws_internet_gateway.app_igw",
                        "aws_vpc.app_vpc"
                    ],
                    "primary": {
                        "id": "rtb-09b5dda6c4645ca57",
                        "attributes": {
                            "id": "rtb-09b5dda6c4645ca57",
                            "propagating_vgws.#": "0",
                            "route.#": "1",
                            "route.2440722579.cidr_block": "0.0.0.0/0",
                            "route.2440722579.egress_only_gateway_id": "",
                            "route.2440722579.gateway_id": "igw-07cd4dee71c82b86a",
                            "route.2440722579.instance_id": "",
                            "route.2440722579.ipv6_cidr_block": "",
                            "route.2440722579.nat_gateway_id": "",
                            "route.2440722579.network_interface_id": "",
                            "route.2440722579.vpc_peering_connection_id": "",
                            "tags.%": "1",
                            "tags.Name": "public_route_table",
                            "vpc_id": "vpc-04de9109b2becab9f"
                        },
                        "meta": {},
                        "tainted": false
                    },
                    "deposed": [],
                    "provider": "provider.aws"
                },
                "aws_route_table_association.pri_sub_route_asso": {
                    "type": "aws_route_table_association",
                    "depends_on": [
                        "aws_route_table.private_route_table",
                        "aws_subnet.private_subnet.*"
                    ],
                    "primary": {
                        "id": "rtbassoc-0f5f33495d22dec05",
                        "attributes": {
                            "id": "rtbassoc-0f5f33495d22dec05",
                            "route_table_id": "rtb-02a2001d9bb556a4c",
                            "subnet_id": "subnet-0a52ab3f5f096648c"
                        },
                        "meta": {},
                        "tainted": false
                    },
                    "deposed": [],
                    "provider": "provider.aws"
                },
                "aws_route_table_association.pub_sub_route_asso": {
                    "type": "aws_route_table_association",
                    "depends_on": [
                        "aws_route_table.public_route_table",
                        "aws_subnet.public_subnet.*"
                    ],
                    "primary": {
                        "id": "rtbassoc-0e00b3682d073932a",
                        "attributes": {
                            "id": "rtbassoc-0e00b3682d073932a",
                            "route_table_id": "rtb-09b5dda6c4645ca57",
                            "subnet_id": "subnet-0e940fa3ea224eea6"
                        },
                        "meta": {},
                        "tainted": false
                    },
                    "deposed": [],
                    "provider": "provider.aws"
                },
                "aws_security_group.app_security_groups": {
                    "type": "aws_security_group",
                    "depends_on": [
                        "aws_vpc.app_vpc"
                    ],
                    "primary": {
                        "id": "sg-0f84b566658e4be9a",
                        "attributes": {
                            "arn": "arn:aws:ec2:us-west-2:038062473746:security-group/sg-0f84b566658e4be9a",
                            "description": "Allow all inbound traffic",
                            "egress.#": "1",
                            "egress.482069346.cidr_blocks.#": "1",
                            "egress.482069346.cidr_blocks.0": "0.0.0.0/0",
                            "egress.482069346.description": "",
                            "egress.482069346.from_port": "0",
                            "egress.482069346.ipv6_cidr_blocks.#": "0",
                            "egress.482069346.prefix_list_ids.#": "0",
                            "egress.482069346.protocol": "-1",
                            "egress.482069346.security_groups.#": "0",
                            "egress.482069346.self": "false",
                            "egress.482069346.to_port": "0",
                            "id": "sg-0f84b566658e4be9a",
                            "ingress.#": "3",
                            "ingress.2214680975.cidr_blocks.#": "1",
                            "ingress.2214680975.cidr_blocks.0": "0.0.0.0/0",
                            "ingress.2214680975.description": "",
                            "ingress.2214680975.from_port": "80",
                            "ingress.2214680975.ipv6_cidr_blocks.#": "0",
                            "ingress.2214680975.prefix_list_ids.#": "0",
                            "ingress.2214680975.protocol": "tcp",
                            "ingress.2214680975.security_groups.#": "0",
                            "ingress.2214680975.self": "false",
                            "ingress.2214680975.to_port": "80",
                            "ingress.2541437006.cidr_blocks.#": "1",
                            "ingress.2541437006.cidr_blocks.0": "0.0.0.0/0",
                            "ingress.2541437006.description": "",
                            "ingress.2541437006.from_port": "22",
                            "ingress.2541437006.ipv6_cidr_blocks.#": "0",
                            "ingress.2541437006.prefix_list_ids.#": "0",
                            "ingress.2541437006.protocol": "tcp",
                            "ingress.2541437006.security_groups.#": "0",
                            "ingress.2541437006.self": "false",
                            "ingress.2541437006.to_port": "22",
                            "ingress.2617001939.cidr_blocks.#": "1",
                            "ingress.2617001939.cidr_blocks.0": "0.0.0.0/0",
                            "ingress.2617001939.description": "",
                            "ingress.2617001939.from_port": "443",
                            "ingress.2617001939.ipv6_cidr_blocks.#": "0",
                            "ingress.2617001939.prefix_list_ids.#": "0",
                            "ingress.2617001939.protocol": "tcp",
                            "ingress.2617001939.security_groups.#": "0",
                            "ingress.2617001939.self": "false",
                            "ingress.2617001939.to_port": "443",
                            "name": "app_security",
                            "owner_id": "038062473746",
                            "revoke_rules_on_delete": "false",
                            "tags.%": "0",
                            "vpc_id": "vpc-04de9109b2becab9f"
                        },
                        "meta": {
                            "e2bfb730-ecaa-11e6-8f88-34363bc7c4c0": {
                                "create": 600000000000,
                                "delete": 600000000000
                            },
                            "schema_version": "1"
                        },
                        "tainted": false
                    },
                    "deposed": [],
                    "provider": "provider.aws"
                },
                "aws_security_group.instance_security_groups": {
                    "type": "aws_security_group",
                    "depends_on": [
                        "aws_vpc.app_vpc"
                    ],
                    "primary": {
                        "id": "sg-0a2ea48d0c7f09ad6",
                        "attributes": {
                            "arn": "arn:aws:ec2:us-west-2:038062473746:security-group/sg-0a2ea48d0c7f09ad6",
                            "description": "Allow all inbound traffic",
                            "egress.#": "1",
                            "egress.482069346.cidr_blocks.#": "1",
                            "egress.482069346.cidr_blocks.0": "0.0.0.0/0",
                            "egress.482069346.description": "",
                            "egress.482069346.from_port": "0",
                            "egress.482069346.ipv6_cidr_blocks.#": "0",
                            "egress.482069346.prefix_list_ids.#": "0",
                            "egress.482069346.protocol": "-1",
                            "egress.482069346.security_groups.#": "0",
                            "egress.482069346.self": "false",
                            "egress.482069346.to_port": "0",
                            "id": "sg-0a2ea48d0c7f09ad6",
                            "ingress.#": "1",
                            "ingress.482069346.cidr_blocks.#": "1",
                            "ingress.482069346.cidr_blocks.0": "0.0.0.0/0",
                            "ingress.482069346.description": "",
                            "ingress.482069346.from_port": "0",
                            "ingress.482069346.ipv6_cidr_blocks.#": "0",
                            "ingress.482069346.prefix_list_ids.#": "0",
                            "ingress.482069346.protocol": "-1",
                            "ingress.482069346.security_groups.#": "0",
                            "ingress.482069346.self": "false",
                            "ingress.482069346.to_port": "0",
                            "name": "allow_all",
                            "owner_id": "038062473746",
                            "revoke_rules_on_delete": "false",
                            "tags.%": "0",
                            "vpc_id": "vpc-04de9109b2becab9f"
                        },
                        "meta": {
                            "e2bfb730-ecaa-11e6-8f88-34363bc7c4c0": {
                                "create": 600000000000,
                                "delete": 600000000000
                            },
                            "schema_version": "1"
                        },
                        "tainted": false
                    },
                    "deposed": [],
                    "provider": "provider.aws"
                },
                "aws_subnet.private_subnet": {
                    "type": "aws_subnet",
                    "depends_on": [
                        "aws_vpc.app_vpc",
                        "data.aws_availability_zones.available"
                    ],
                    "primary": {
                        "id": "subnet-0a52ab3f5f096648c",
                        "attributes": {
                            "arn": "arn:aws:ec2:us-west-2:038062473746:subnet/subnet-0a52ab3f5f096648c",
                            "assign_ipv6_address_on_creation": "false",
                            "availability_zone": "us-west-2a",
                            "cidr_block": "172.20.20.0/24",
                            "id": "subnet-0a52ab3f5f096648c",
                            "map_public_ip_on_launch": "false",
                            "tags.%": "1",
                            "tags.Name": "private_subnet-0",
                            "vpc_id": "vpc-04de9109b2becab9f"
                        },
                        "meta": {
                            "e2bfb730-ecaa-11e6-8f88-34363bc7c4c0": {
                                "create": 600000000000,
                                "delete": 600000000000
                            },
                            "schema_version": "1"
                        },
                        "tainted": false
                    },
                    "deposed": [],
                    "provider": "provider.aws"
                },
                "aws_subnet.public_subnet": {
                    "type": "aws_subnet",
                    "depends_on": [
                        "aws_vpc.app_vpc",
                        "data.aws_availability_zones.available"
                    ],
                    "primary": {
                        "id": "subnet-0e940fa3ea224eea6",
                        "attributes": {
                            "arn": "arn:aws:ec2:us-west-2:038062473746:subnet/subnet-0e940fa3ea224eea6",
                            "assign_ipv6_address_on_creation": "false",
                            "availability_zone": "us-west-2a",
                            "cidr_block": "172.20.10.0/24",
                            "id": "subnet-0e940fa3ea224eea6",
                            "map_public_ip_on_launch": "true",
                            "tags.%": "1",
                            "tags.Name": "public_subnet-0",
                            "vpc_id": "vpc-04de9109b2becab9f"
                        },
                        "meta": {
                            "e2bfb730-ecaa-11e6-8f88-34363bc7c4c0": {
                                "create": 600000000000,
                                "delete": 600000000000
                            },
                            "schema_version": "1"
                        },
                        "tainted": false
                    },
                    "deposed": [],
                    "provider": "provider.aws"
                },
                "aws_vpc.app_vpc": {
                    "type": "aws_vpc",
                    "depends_on": [],
                    "primary": {
                        "id": "vpc-04de9109b2becab9f",
                        "attributes": {
                            "arn": "arn:aws:ec2:us-west-2:038062473746:vpc/vpc-04de9109b2becab9f",
                            "assign_generated_ipv6_cidr_block": "false",
                            "cidr_block": "172.20.0.0/16",
                            "default_network_acl_id": "acl-0c6181577e04fef98",
                            "default_route_table_id": "rtb-0318a364f6b085f95",
                            "default_security_group_id": "sg-03f41e710fdecd29a",
                            "dhcp_options_id": "dopt-79fc3a01",
                            "enable_classiclink": "false",
                            "enable_classiclink_dns_support": "false",
                            "enable_dns_hostnames": "false",
                            "enable_dns_support": "true",
                            "id": "vpc-04de9109b2becab9f",
                            "instance_tenancy": "default",
                            "main_route_table_id": "rtb-0318a364f6b085f95",
                            "tags.%": "1",
                            "tags.Name": "app_vpc"
                        },
                        "meta": {
                            "schema_version": "1"
                        },
                        "tainted": false
                    },
                    "deposed": [],
                    "provider": "provider.aws"
                },
                "data.aws_availability_zones.available": {
                    "type": "aws_availability_zones",
                    "depends_on": [],
                    "primary": {
                        "id": "2018-10-30 04:53:06.3921821 +0000 UTC",
                        "attributes": {
                            "id": "2018-10-30 04:53:06.3921821 +0000 UTC",
                            "names.#": "3",
                            "names.0": "us-west-2a",
                            "names.1": "us-west-2b",
                            "names.2": "us-west-2c"
                        },
                        "meta": {},
                        "tainted": false
                    },
                    "deposed": [],
                    "provider": "provider.aws"
                }
            },
            "depends_on": []
        }
    ]
}
