{
    "version": 3,
    "terraform_version": "0.11.10",
    "serial": 4,
    "lineage": "433dfa43-9096-8e29-ca77-fc096fe7d68f",
    "modules": [
        {
            "path": [
                "root"
            ],
            "outputs": {},
            "resources": {
                "aws_internet_gateway.app_igw": {
                    "type": "aws_internet_gateway",
                    "depends_on": [
                        "aws_vpc.app_vpc"
                    ],
                    "primary": {
                        "id": "igw-0095b08bd6a4f3aec",
                        "attributes": {
                            "id": "igw-0095b08bd6a4f3aec",
                            "tags.%": "1",
                            "tags.Name": "app_igw",
                            "vpc_id": "vpc-094e04924b7e1d4f8"
                        },
                        "meta": {},
                        "tainted": false
                    },
                    "deposed": [],
                    "provider": "provider.aws"
                },
                "aws_route_table.public_route_table": {
                    "type": "aws_route_table",
                    "depends_on": [
                        "aws_internet_gateway.app_igw",
                        "aws_vpc.app_vpc"
                    ],
                    "primary": {
                        "id": "rtb-08e0bc85476193311",
                        "attributes": {
                            "id": "rtb-08e0bc85476193311",
                            "propagating_vgws.#": "0",
                            "route.#": "1",
                            "route.1350577313.cidr_block": "0.0.0.0/0",
                            "route.1350577313.egress_only_gateway_id": "",
                            "route.1350577313.gateway_id": "igw-0095b08bd6a4f3aec",
                            "route.1350577313.instance_id": "",
                            "route.1350577313.ipv6_cidr_block": "",
                            "route.1350577313.nat_gateway_id": "",
                            "route.1350577313.network_interface_id": "",
                            "route.1350577313.vpc_peering_connection_id": "",
                            "tags.%": "1",
                            "tags.Name": "public_route_table",
                            "vpc_id": "vpc-094e04924b7e1d4f8"
                        },
                        "meta": {},
                        "tainted": false
                    },
                    "deposed": [],
                    "provider": "provider.aws"
                },
                "aws_route_table_association.sub_route_asso": {
                    "type": "aws_route_table_association",
                    "depends_on": [
                        "aws_route_table.public_route_table",
                        "aws_subnet.public_subnet.*"
                    ],
                    "primary": {
                        "id": "rtbassoc-055eb4be90ccf1cc0",
                        "attributes": {
                            "id": "rtbassoc-055eb4be90ccf1cc0",
                            "route_table_id": "rtb-08e0bc85476193311",
                            "subnet_id": "subnet-06694c8e1898454a3"
                        },
                        "meta": {},
                        "tainted": false
                    },
                    "deposed": [],
                    "provider": "provider.aws"
                },
                "aws_security_group.app_security_groups": {
                    "type": "aws_security_group",
                    "depends_on": [
                        "aws_vpc.app_vpc"
                    ],
                    "primary": {
                        "id": "sg-0ceb9c3d324ac5b4a",
                        "attributes": {
                            "arn": "arn:aws:ec2:us-west-2:038062473746:security-group/sg-0ceb9c3d324ac5b4a",
                            "description": "Allow all inbound traffic",
                            "egress.#": "1",
                            "egress.482069346.cidr_blocks.#": "1",
                            "egress.482069346.cidr_blocks.0": "0.0.0.0/0",
                            "egress.482069346.description": "",
                            "egress.482069346.from_port": "0",
                            "egress.482069346.ipv6_cidr_blocks.#": "0",
                            "egress.482069346.prefix_list_ids.#": "0",
                            "egress.482069346.protocol": "-1",
                            "egress.482069346.security_groups.#": "0",
                            "egress.482069346.self": "false",
                            "egress.482069346.to_port": "0",
                            "id": "sg-0ceb9c3d324ac5b4a",
                            "ingress.#": "1",
                            "ingress.482069346.cidr_blocks.#": "1",
                            "ingress.482069346.cidr_blocks.0": "0.0.0.0/0",
                            "ingress.482069346.description": "",
                            "ingress.482069346.from_port": "0",
                            "ingress.482069346.ipv6_cidr_blocks.#": "0",
                            "ingress.482069346.prefix_list_ids.#": "0",
                            "ingress.482069346.protocol": "-1",
                            "ingress.482069346.security_groups.#": "0",
                            "ingress.482069346.self": "false",
                            "ingress.482069346.to_port": "0",
                            "name": "allow_all",
                            "owner_id": "038062473746",
                            "revoke_rules_on_delete": "false",
                            "tags.%": "0",
                            "vpc_id": "vpc-094e04924b7e1d4f8"
                        },
                        "meta": {
                            "e2bfb730-ecaa-11e6-8f88-34363bc7c4c0": {
                                "create": 600000000000,
                                "delete": 600000000000
                            },
                            "schema_version": "1"
                        },
                        "tainted": false
                    },
                    "deposed": [],
                    "provider": "provider.aws"
                },
                "aws_subnet.private_subnet": {
                    "type": "aws_subnet",
                    "depends_on": [
                        "aws_vpc.app_vpc",
                        "data.aws_availability_zones.available"
                    ],
                    "primary": {
                        "id": "subnet-0d4afd9c2917a5262",
                        "attributes": {
                            "arn": "arn:aws:ec2:us-west-2:038062473746:subnet/subnet-0d4afd9c2917a5262",
                            "assign_ipv6_address_on_creation": "false",
                            "availability_zone": "us-west-2a",
                            "cidr_block": "10.20.0.0/24",
                            "id": "subnet-0d4afd9c2917a5262",
                            "map_public_ip_on_launch": "false",
                            "tags.%": "1",
                            "tags.Name": "private_subnet-0",
                            "vpc_id": "vpc-094e04924b7e1d4f8"
                        },
                        "meta": {
                            "e2bfb730-ecaa-11e6-8f88-34363bc7c4c0": {
                                "create": 600000000000,
                                "delete": 600000000000
                            },
                            "schema_version": "1"
                        },
                        "tainted": false
                    },
                    "deposed": [],
                    "provider": "provider.aws"
                },
                "aws_subnet.public_subnet": {
                    "type": "aws_subnet",
                    "depends_on": [
                        "aws_vpc.app_vpc",
                        "data.aws_availability_zones.available"
                    ],
                    "primary": {
                        "id": "subnet-06694c8e1898454a3",
                        "attributes": {
                            "arn": "arn:aws:ec2:us-west-2:038062473746:subnet/subnet-06694c8e1898454a3",
                            "assign_ipv6_address_on_creation": "false",
                            "availability_zone": "us-west-2a",
                            "cidr_block": "10.20.2.0/24",
                            "id": "subnet-06694c8e1898454a3",
                            "map_public_ip_on_launch": "true",
                            "tags.%": "1",
                            "tags.Name": "public_subnet-0",
                            "vpc_id": "vpc-094e04924b7e1d4f8"
                        },
                        "meta": {
                            "e2bfb730-ecaa-11e6-8f88-34363bc7c4c0": {
                                "create": 600000000000,
                                "delete": 600000000000
                            },
                            "schema_version": "1"
                        },
                        "tainted": false
                    },
                    "deposed": [],
                    "provider": "provider.aws"
                },
                "aws_vpc.app_vpc": {
                    "type": "aws_vpc",
                    "depends_on": [],
                    "primary": {
                        "id": "vpc-094e04924b7e1d4f8",
                        "attributes": {
                            "arn": "arn:aws:ec2:us-west-2:038062473746:vpc/vpc-094e04924b7e1d4f8",
                            "assign_generated_ipv6_cidr_block": "false",
                            "cidr_block": "10.20.0.0/16",
                            "default_network_acl_id": "acl-0cf8a88d08b5dd4de",
                            "default_route_table_id": "rtb-04e7844f699f4484f",
                            "default_security_group_id": "sg-08a639e9ca379a8f1",
                            "dhcp_options_id": "dopt-79fc3a01",
                            "enable_classiclink": "false",
                            "enable_classiclink_dns_support": "false",
                            "enable_dns_hostnames": "false",
                            "enable_dns_support": "true",
                            "id": "vpc-094e04924b7e1d4f8",
                            "instance_tenancy": "default",
                            "main_route_table_id": "rtb-04e7844f699f4484f",
                            "tags.%": "1",
                            "tags.Name": "app_vpc"
                        },
                        "meta": {
                            "schema_version": "1"
                        },
                        "tainted": false
                    },
                    "deposed": [],
                    "provider": "provider.aws"
                },
                "data.aws_availability_zones.available": {
                    "type": "aws_availability_zones",
                    "depends_on": [],
                    "primary": {
                        "id": "2018-10-28 04:28:43.5142372 +0000 UTC",
                        "attributes": {
                            "id": "2018-10-28 04:28:43.5142372 +0000 UTC",
                            "names.#": "3",
                            "names.0": "us-west-2a",
                            "names.1": "us-west-2b",
                            "names.2": "us-west-2c"
                        },
                        "meta": {},
                        "tainted": false
                    },
                    "deposed": [],
                    "provider": "provider.aws"
                }
            },
            "depends_on": []
        }
    ]
}
