{
    "version": 3,
    "terraform_version": "0.11.10",
    "serial": 7,
    "lineage": "433dfa43-9096-8e29-ca77-fc096fe7d68f",
    "modules": [
        {
            "path": [
                "root"
            ],
            "outputs": {},
            "resources": {
                "aws_eip.natgateway_eip": {
                    "type": "aws_eip",
                    "depends_on": [],
                    "primary": {
                        "id": "eipalloc-0a6c5ffc1f58f4333",
                        "attributes": {
                            "association_id": "",
                            "domain": "vpc",
                            "id": "eipalloc-0a6c5ffc1f58f4333",
                            "instance": "",
                            "network_interface": "",
                            "private_ip": "",
                            "public_ip": "54.200.147.246",
                            "tags.%": "0",
                            "vpc": "true"
                        },
                        "meta": {
                            "e2bfb730-ecaa-11e6-8f88-34363bc7c4c0": {
                                "delete": 180000000000,
                                "read": 900000000000,
                                "update": 300000000000
                            }
                        },
                        "tainted": false
                    },
                    "deposed": [],
                    "provider": "provider.aws"
                },
                "aws_instance.app_instance": {
                    "type": "aws_instance",
                    "depends_on": [
                        "aws_security_group.app_security_groups",
                        "aws_subnet.private_subnet.*"
                    ],
                    "primary": {
                        "id": "i-090454c410006d1fc",
                        "attributes": {
                            "ami": "ami-28e07e50",
                            "arn": "arn:aws:ec2:us-west-2:181514265793:instance/i-090454c410006d1fc",
                            "associate_public_ip_address": "false",
                            "availability_zone": "us-west-2a",
                            "cpu_core_count": "1",
                            "cpu_threads_per_core": "1",
                            "credit_specification.#": "1",
                            "credit_specification.0.cpu_credits": "standard",
                            "disable_api_termination": "false",
                            "ebs_block_device.#": "0",
                            "ebs_optimized": "false",
                            "ephemeral_block_device.#": "0",
                            "get_password_data": "false",
                            "iam_instance_profile": "",
                            "id": "i-090454c410006d1fc",
                            "instance_state": "running",
                            "instance_type": "t2.micro",
                            "ipv6_addresses.#": "0",
                            "key_name": "ansible",
                            "monitoring": "false",
                            "network_interface.#": "0",
                            "network_interface_id": "eni-0498008a96b44ef89",
                            "password_data": "",
                            "placement_group": "",
                            "primary_network_interface_id": "eni-0498008a96b44ef89",
                            "private_dns": "ip-172-20-20-161.us-west-2.compute.internal",
                            "private_ip": "172.20.20.161",
                            "public_dns": "",
                            "public_ip": "",
                            "root_block_device.#": "1",
                            "root_block_device.0.delete_on_termination": "true",
                            "root_block_device.0.iops": "100",
                            "root_block_device.0.volume_id": "vol-00c1ef10ada282139",
                            "root_block_device.0.volume_size": "10",
                            "root_block_device.0.volume_type": "gp2",
                            "security_groups.#": "0",
                            "source_dest_check": "true",
                            "subnet_id": "subnet-01ece1ac127c6d1db",
                            "tags.%": "1",
                            "tags.Name": "Application1",
                            "tenancy": "default",
                            "volume_tags.%": "0",
                            "vpc_security_group_ids.#": "1",
                            "vpc_security_group_ids.856351332": "sg-076fb3a043fcb83c8"
                        },
                        "meta": {
                            "e2bfb730-ecaa-11e6-8f88-34363bc7c4c0": {
                                "create": 600000000000,
                                "delete": 1200000000000,
                                "update": 600000000000
                            },
                            "schema_version": "1"
                        },
                        "tainted": false
                    },
                    "deposed": [],
                    "provider": "provider.aws"
                },
                "aws_instance.instance": {
                    "type": "aws_instance",
                    "depends_on": [
                        "aws_security_group.app_security_groups",
                        "aws_subnet.public_subnet.*"
                    ],
                    "primary": {
                        "id": "i-086d84b23c0f72966",
                        "attributes": {
                            "ami": "ami-28e07e50",
                            "arn": "arn:aws:ec2:us-west-2:181514265793:instance/i-086d84b23c0f72966",
                            "associate_public_ip_address": "true",
                            "availability_zone": "us-west-2a",
                            "cpu_core_count": "1",
                            "cpu_threads_per_core": "1",
                            "credit_specification.#": "1",
                            "credit_specification.0.cpu_credits": "standard",
                            "disable_api_termination": "false",
                            "ebs_block_device.#": "0",
                            "ebs_optimized": "false",
                            "ephemeral_block_device.#": "0",
                            "get_password_data": "false",
                            "iam_instance_profile": "",
                            "id": "i-086d84b23c0f72966",
                            "instance_state": "running",
                            "instance_type": "t2.micro",
                            "ipv6_addresses.#": "0",
                            "key_name": "ansible",
                            "monitoring": "false",
                            "network_interface.#": "0",
                            "network_interface_id": "eni-0b6e85b59f3ecd79c",
                            "password_data": "",
                            "placement_group": "",
                            "primary_network_interface_id": "eni-0b6e85b59f3ecd79c",
                            "private_dns": "ip-172-20-10-249.us-west-2.compute.internal",
                            "private_ip": "172.20.10.249",
                            "public_dns": "",
                            "public_ip": "54.71.149.148",
                            "root_block_device.#": "1",
                            "root_block_device.0.delete_on_termination": "true",
                            "root_block_device.0.iops": "100",
                            "root_block_device.0.volume_id": "vol-074a8c6692506461c",
                            "root_block_device.0.volume_size": "10",
                            "root_block_device.0.volume_type": "gp2",
                            "security_groups.#": "0",
                            "source_dest_check": "true",
                            "subnet_id": "subnet-070a5f19b3f8aba5e",
                            "tags.%": "1",
                            "tags.Name": "Jenkins-Ansible",
                            "tenancy": "default",
                            "user_data": "cb88e192fb9b7f4e441c258ecd21b3828dd2fd6a",
                            "volume_tags.%": "0",
                            "vpc_security_group_ids.#": "1",
                            "vpc_security_group_ids.856351332": "sg-076fb3a043fcb83c8"
                        },
                        "meta": {
                            "e2bfb730-ecaa-11e6-8f88-34363bc7c4c0": {
                                "create": 600000000000,
                                "delete": 1200000000000,
                                "update": 600000000000
                            },
                            "schema_version": "1"
                        },
                        "tainted": false
                    },
                    "deposed": [],
                    "provider": "provider.aws"
                },
                "aws_internet_gateway.app_igw": {
                    "type": "aws_internet_gateway",
                    "depends_on": [
                        "aws_vpc.app_vpc"
                    ],
                    "primary": {
                        "id": "igw-04f101b7cb922ed89",
                        "attributes": {
                            "id": "igw-04f101b7cb922ed89",
                            "tags.%": "1",
                            "tags.Name": "app_igw",
                            "vpc_id": "vpc-000556675f6f69bd6"
                        },
                        "meta": {},
                        "tainted": false
                    },
                    "deposed": [],
                    "provider": "provider.aws"
                },
                "aws_nat_gateway.app_nat_gw": {
                    "type": "aws_nat_gateway",
                    "depends_on": [
                        "aws_eip.natgateway_eip",
                        "aws_subnet.public_subnet"
                    ],
                    "primary": {
                        "id": "nat-0b6ee74d9abc2d5e2",
                        "attributes": {
                            "allocation_id": "eipalloc-0a6c5ffc1f58f4333",
                            "id": "nat-0b6ee74d9abc2d5e2",
                            "network_interface_id": "eni-04aad45dbb796fd98",
                            "private_ip": "172.20.10.221",
                            "public_ip": "54.200.147.246",
                            "subnet_id": "subnet-070a5f19b3f8aba5e",
                            "tags.%": "1",
                            "tags.Name": "NAT_gateway"
                        },
                        "meta": {},
                        "tainted": false
                    },
                    "deposed": [],
                    "provider": "provider.aws"
                },
                "aws_route_table.private_route_table": {
                    "type": "aws_route_table",
                    "depends_on": [
                        "aws_nat_gateway.app_nat_gw",
                        "aws_vpc.app_vpc"
                    ],
                    "primary": {
                        "id": "rtb-0e0e28b0cdf64548b",
                        "attributes": {
                            "id": "rtb-0e0e28b0cdf64548b",
                            "propagating_vgws.#": "0",
                            "route.#": "1",
                            "route.1333787819.cidr_block": "0.0.0.0/0",
                            "route.1333787819.egress_only_gateway_id": "",
                            "route.1333787819.gateway_id": "",
                            "route.1333787819.instance_id": "",
                            "route.1333787819.ipv6_cidr_block": "",
                            "route.1333787819.nat_gateway_id": "nat-0b6ee74d9abc2d5e2",
                            "route.1333787819.network_interface_id": "",
                            "route.1333787819.vpc_peering_connection_id": "",
                            "tags.%": "1",
                            "tags.Name": "private_route_table",
                            "vpc_id": "vpc-000556675f6f69bd6"
                        },
                        "meta": {},
                        "tainted": false
                    },
                    "deposed": [],
                    "provider": "provider.aws"
                },
                "aws_route_table.public_route_table": {
                    "type": "aws_route_table",
                    "depends_on": [
                        "aws_internet_gateway.app_igw",
                        "aws_vpc.app_vpc"
                    ],
                    "primary": {
                        "id": "rtb-0bd1edcc88409120f",
                        "attributes": {
                            "id": "rtb-0bd1edcc88409120f",
                            "propagating_vgws.#": "0",
                            "route.#": "1",
                            "route.3626340915.cidr_block": "0.0.0.0/0",
                            "route.3626340915.egress_only_gateway_id": "",
                            "route.3626340915.gateway_id": "igw-04f101b7cb922ed89",
                            "route.3626340915.instance_id": "",
                            "route.3626340915.ipv6_cidr_block": "",
                            "route.3626340915.nat_gateway_id": "",
                            "route.3626340915.network_interface_id": "",
                            "route.3626340915.vpc_peering_connection_id": "",
                            "tags.%": "1",
                            "tags.Name": "public_route_table",
                            "vpc_id": "vpc-000556675f6f69bd6"
                        },
                        "meta": {},
                        "tainted": false
                    },
                    "deposed": [],
                    "provider": "provider.aws"
                },
                "aws_route_table_association.pri_sub_route_asso": {
                    "type": "aws_route_table_association",
                    "depends_on": [
                        "aws_route_table.private_route_table",
                        "aws_subnet.private_subnet.*"
                    ],
                    "primary": {
                        "id": "rtbassoc-0df1a38fccaeee1ba",
                        "attributes": {
                            "id": "rtbassoc-0df1a38fccaeee1ba",
                            "route_table_id": "rtb-0e0e28b0cdf64548b",
                            "subnet_id": "subnet-01ece1ac127c6d1db"
                        },
                        "meta": {},
                        "tainted": false
                    },
                    "deposed": [],
                    "provider": "provider.aws"
                },
                "aws_route_table_association.pub_sub_route_asso": {
                    "type": "aws_route_table_association",
                    "depends_on": [
                        "aws_route_table.public_route_table",
                        "aws_subnet.public_subnet.*"
                    ],
                    "primary": {
                        "id": "rtbassoc-09539df4f5d648fa6",
                        "attributes": {
                            "id": "rtbassoc-09539df4f5d648fa6",
                            "route_table_id": "rtb-0bd1edcc88409120f",
                            "subnet_id": "subnet-070a5f19b3f8aba5e"
                        },
                        "meta": {},
                        "tainted": false
                    },
                    "deposed": [],
                    "provider": "provider.aws"
                },
                "aws_security_group.app_security_groups": {
                    "type": "aws_security_group",
                    "depends_on": [
                        "aws_vpc.app_vpc"
                    ],
                    "primary": {
                        "id": "sg-076fb3a043fcb83c8",
                        "attributes": {
                            "arn": "arn:aws:ec2:us-west-2:181514265793:security-group/sg-076fb3a043fcb83c8",
                            "description": "Allow all inbound traffic",
                            "egress.#": "1",
                            "egress.482069346.cidr_blocks.#": "1",
                            "egress.482069346.cidr_blocks.0": "0.0.0.0/0",
                            "egress.482069346.description": "",
                            "egress.482069346.from_port": "0",
                            "egress.482069346.ipv6_cidr_blocks.#": "0",
                            "egress.482069346.prefix_list_ids.#": "0",
                            "egress.482069346.protocol": "-1",
                            "egress.482069346.security_groups.#": "0",
                            "egress.482069346.self": "false",
                            "egress.482069346.to_port": "0",
                            "id": "sg-076fb3a043fcb83c8",
                            "ingress.#": "3",
                            "ingress.2214680975.cidr_blocks.#": "1",
                            "ingress.2214680975.cidr_blocks.0": "0.0.0.0/0",
                            "ingress.2214680975.description": "",
                            "ingress.2214680975.from_port": "80",
                            "ingress.2214680975.ipv6_cidr_blocks.#": "0",
                            "ingress.2214680975.prefix_list_ids.#": "0",
                            "ingress.2214680975.protocol": "tcp",
                            "ingress.2214680975.security_groups.#": "0",
                            "ingress.2214680975.self": "false",
                            "ingress.2214680975.to_port": "80",
                            "ingress.2541437006.cidr_blocks.#": "1",
                            "ingress.2541437006.cidr_blocks.0": "0.0.0.0/0",
                            "ingress.2541437006.description": "",
                            "ingress.2541437006.from_port": "22",
                            "ingress.2541437006.ipv6_cidr_blocks.#": "0",
                            "ingress.2541437006.prefix_list_ids.#": "0",
                            "ingress.2541437006.protocol": "tcp",
                            "ingress.2541437006.security_groups.#": "0",
                            "ingress.2541437006.self": "false",
                            "ingress.2541437006.to_port": "22",
                            "ingress.2617001939.cidr_blocks.#": "1",
                            "ingress.2617001939.cidr_blocks.0": "0.0.0.0/0",
                            "ingress.2617001939.description": "",
                            "ingress.2617001939.from_port": "443",
                            "ingress.2617001939.ipv6_cidr_blocks.#": "0",
                            "ingress.2617001939.prefix_list_ids.#": "0",
                            "ingress.2617001939.protocol": "tcp",
                            "ingress.2617001939.security_groups.#": "0",
                            "ingress.2617001939.self": "false",
                            "ingress.2617001939.to_port": "443",
                            "name": "app_security",
                            "owner_id": "181514265793",
                            "revoke_rules_on_delete": "false",
                            "tags.%": "0",
                            "vpc_id": "vpc-000556675f6f69bd6"
                        },
                        "meta": {
                            "e2bfb730-ecaa-11e6-8f88-34363bc7c4c0": {
                                "create": 600000000000,
                                "delete": 600000000000
                            },
                            "schema_version": "1"
                        },
                        "tainted": false
                    },
                    "deposed": [],
                    "provider": "provider.aws"
                },
                "aws_security_group.instance_security_groups": {
                    "type": "aws_security_group",
                    "depends_on": [
                        "aws_vpc.app_vpc"
                    ],
                    "primary": {
                        "id": "sg-0bf1359000b8cef2e",
                        "attributes": {
                            "arn": "arn:aws:ec2:us-west-2:181514265793:security-group/sg-0bf1359000b8cef2e",
                            "description": "Allow all inbound traffic",
                            "egress.#": "1",
                            "egress.482069346.cidr_blocks.#": "1",
                            "egress.482069346.cidr_blocks.0": "0.0.0.0/0",
                            "egress.482069346.description": "",
                            "egress.482069346.from_port": "0",
                            "egress.482069346.ipv6_cidr_blocks.#": "0",
                            "egress.482069346.prefix_list_ids.#": "0",
                            "egress.482069346.protocol": "-1",
                            "egress.482069346.security_groups.#": "0",
                            "egress.482069346.self": "false",
                            "egress.482069346.to_port": "0",
                            "id": "sg-0bf1359000b8cef2e",
                            "ingress.#": "1",
                            "ingress.482069346.cidr_blocks.#": "1",
                            "ingress.482069346.cidr_blocks.0": "0.0.0.0/0",
                            "ingress.482069346.description": "",
                            "ingress.482069346.from_port": "0",
                            "ingress.482069346.ipv6_cidr_blocks.#": "0",
                            "ingress.482069346.prefix_list_ids.#": "0",
                            "ingress.482069346.protocol": "-1",
                            "ingress.482069346.security_groups.#": "0",
                            "ingress.482069346.self": "false",
                            "ingress.482069346.to_port": "0",
                            "name": "allow_all",
                            "owner_id": "181514265793",
                            "revoke_rules_on_delete": "false",
                            "tags.%": "0",
                            "vpc_id": "vpc-000556675f6f69bd6"
                        },
                        "meta": {
                            "e2bfb730-ecaa-11e6-8f88-34363bc7c4c0": {
                                "create": 600000000000,
                                "delete": 600000000000
                            },
                            "schema_version": "1"
                        },
                        "tainted": false
                    },
                    "deposed": [],
                    "provider": "provider.aws"
                },
                "aws_subnet.private_subnet": {
                    "type": "aws_subnet",
                    "depends_on": [
                        "aws_vpc.app_vpc",
                        "data.aws_availability_zones.available"
                    ],
                    "primary": {
                        "id": "subnet-01ece1ac127c6d1db",
                        "attributes": {
                            "arn": "arn:aws:ec2:us-west-2:181514265793:subnet/subnet-01ece1ac127c6d1db",
                            "assign_ipv6_address_on_creation": "false",
                            "availability_zone": "us-west-2a",
                            "cidr_block": "172.20.20.0/24",
                            "id": "subnet-01ece1ac127c6d1db",
                            "map_public_ip_on_launch": "false",
                            "tags.%": "1",
                            "tags.Name": "private_subnet-0",
                            "vpc_id": "vpc-000556675f6f69bd6"
                        },
                        "meta": {
                            "e2bfb730-ecaa-11e6-8f88-34363bc7c4c0": {
                                "create": 600000000000,
                                "delete": 600000000000
                            },
                            "schema_version": "1"
                        },
                        "tainted": false
                    },
                    "deposed": [],
                    "provider": "provider.aws"
                },
                "aws_subnet.public_subnet": {
                    "type": "aws_subnet",
                    "depends_on": [
                        "aws_vpc.app_vpc",
                        "data.aws_availability_zones.available"
                    ],
                    "primary": {
                        "id": "subnet-070a5f19b3f8aba5e",
                        "attributes": {
                            "arn": "arn:aws:ec2:us-west-2:181514265793:subnet/subnet-070a5f19b3f8aba5e",
                            "assign_ipv6_address_on_creation": "false",
                            "availability_zone": "us-west-2a",
                            "cidr_block": "172.20.10.0/24",
                            "id": "subnet-070a5f19b3f8aba5e",
                            "map_public_ip_on_launch": "true",
                            "tags.%": "1",
                            "tags.Name": "public_subnet-0",
                            "vpc_id": "vpc-000556675f6f69bd6"
                        },
                        "meta": {
                            "e2bfb730-ecaa-11e6-8f88-34363bc7c4c0": {
                                "create": 600000000000,
                                "delete": 600000000000
                            },
                            "schema_version": "1"
                        },
                        "tainted": false
                    },
                    "deposed": [],
                    "provider": "provider.aws"
                },
                "aws_vpc.app_vpc": {
                    "type": "aws_vpc",
                    "depends_on": [],
                    "primary": {
                        "id": "vpc-000556675f6f69bd6",
                        "attributes": {
                            "arn": "arn:aws:ec2:us-west-2:181514265793:vpc/vpc-000556675f6f69bd6",
                            "assign_generated_ipv6_cidr_block": "false",
                            "cidr_block": "172.20.0.0/16",
                            "default_network_acl_id": "acl-0e47b868d6dbf361d",
                            "default_route_table_id": "rtb-01adf0566040c3bb9",
                            "default_security_group_id": "sg-045b372a181e4f613",
                            "dhcp_options_id": "dopt-7f3ac407",
                            "enable_classiclink": "false",
                            "enable_classiclink_dns_support": "false",
                            "enable_dns_hostnames": "false",
                            "enable_dns_support": "true",
                            "id": "vpc-000556675f6f69bd6",
                            "instance_tenancy": "default",
                            "main_route_table_id": "rtb-01adf0566040c3bb9",
                            "tags.%": "1",
                            "tags.Name": "app_vpc"
                        },
                        "meta": {
                            "schema_version": "1"
                        },
                        "tainted": false
                    },
                    "deposed": [],
                    "provider": "provider.aws"
                },
                "data.aws_availability_zones.available": {
                    "type": "aws_availability_zones",
                    "depends_on": [],
                    "primary": {
                        "id": "2018-10-30 04:34:05.8628953 +0000 UTC",
                        "attributes": {
                            "id": "2018-10-30 04:34:05.8628953 +0000 UTC",
                            "names.#": "3",
                            "names.0": "us-west-2a",
                            "names.1": "us-west-2b",
                            "names.2": "us-west-2c"
                        },
                        "meta": {},
                        "tainted": false
                    },
                    "deposed": [],
                    "provider": "provider.aws"
                }
            },
            "depends_on": []
        }
    ]
}
